Microsoft Visual Studio Solution File, Format Version 12.00
# Visual Studio Version 17
VisualStudioVersion = 17.5.2.0
MinimumVisualStudioVersion = 10.0.40219.1
Project("{FAE04EC0-301F-11D3-BF4B-00C04F79EFBC}") = "gs-drones-dotnet", "gs-drones-dotnet.csproj", "{658C37B5-72AF-B809-3B75-F52CE89325F2}"
EndProject
Global
	GlobalSection(SolutionConfigurationPlatforms) = preSolution
		Debug|Any CPU = Debug|Any CPU
		Release|Any CPU = Release|Any CPU
	EndGlobalSection
	GlobalSection(ProjectConfigurationPlatforms) = postSolution
		{658C37B5-72AF-B809-3B75-F52CE89325F2}.Debug|Any CPU.ActiveCfg = Debug|Any CPU
		{658C37B5-72AF-B809-3B75-F52CE89325F2}.Debug|Any CPU.Build.0 = Debug|Any CPU
		{658C37B5-72AF-B809-3B75-F52CE89325F2}.Release|Any CPU.ActiveCfg = Release|Any CPU
		{658C37B5-72AF-B809-3B75-F52CE89325F2}.Release|Any CPU.Build.0 = Release|Any CPU
	EndGlobalSection
	GlobalSection(SolutionProperties) = preSolution
		HideSolutionNode = FALSE
	EndGlobalSection
	GlobalSection(ExtensibilityGlobals) = postSolution
		SolutionGuid = {BD1E9461-6323-4572-B9CC-6C82E8E6D8B7}
	EndGlobalSection
EndGlobal
